
Microsoft Visual Studio Solution File, Format Version 12.00
# Visual Studio Version 17
VisualStudioVersion = 17.2.32526.322
MinimumVisualStudioVersion = 10.0.40219.1
Project("{FAE04EC0-301F-11D3-BF4B-00C04F79EFBC}") = "notepad", "notepad\notepad.csproj", "{7543F1EF-1A2C-43FB-A9C2-D402A83CF59C}"
EndProject
Global
	GlobalSection(SolutionConfigurationPlatforms) = preSolution
		Debug|Any CPU = Debug|Any CPU
		Release|Any CPU = Release|Any CPU
	EndGlobalSection
	GlobalSection(ProjectConfigurationPlatforms) = postSolution
		{7543F1EF-1A2C-43FB-A9C2-D402A83CF59C}.Debug|Any CPU.ActiveCfg = Debug|Any CPU
		{7543F1EF-1A2C-43FB-A9C2-D402A83CF59C}.Debug|Any CPU.Build.0 = Debug|Any CPU
		{7543F1EF-1A2C-43FB-A9C2-D402A83CF59C}.Release|Any CPU.ActiveCfg = Release|Any CPU
		{7543F1EF-1A2C-43FB-A9C2-D402A83CF59C}.Release|Any CPU.Build.0 = Release|Any CPU
	EndGlobalSection
	GlobalSection(SolutionProperties) = preSolution
		HideSolutionNode = FALSE
	EndGlobalSection
	GlobalSection(ExtensibilityGlobals) = postSolution
		SolutionGuid = {53B27F88-4AB1-438D-A4B5-36952DBE24FB}
	EndGlobalSection
EndGlobal
